
Microsoft Visual Studio Solution File, Format Version 12.00
# Visual Studio 15
VisualStudioVersion = 15.0.27130.2024
MinimumVisualStudioVersion = 10.0.40219.1
Project("{FAE04EC0-301F-11D3-BF4B-00C04F79EFBC}") = "XFWeather.Android", "XFWeather\XFWeather.Android\XFWeather.Android.csproj", "{A612874F-6D99-4B5D-96A4-4378FF4D28CF}"
EndProject
Project("{FAE04EC0-301F-11D3-BF4B-00C04F79EFBC}") = "XFWeather.iOS", "XFWeather\XFWeather.iOS\XFWeather.iOS.csproj", "{9AF5DE3A-B26A-4F4D-9E1F-01CE9CFA1A43}"
EndProject
Project("{FAE04EC0-301F-11D3-BF4B-00C04F79EFBC}") = "XFWeather.UWP", "XFWeather\XFWeather.UWP\XFWeather.UWP.csproj", "{B30F76FB-4BB1-435D-8074-6DEC9DDF4F1E}"
EndProject
Project("{FAE04EC0-301F-11D3-BF4B-00C04F79EFBC}") = "XFWeather", "XFWeather\XFWeather\XFWeather.csproj", "{3E5B2F45-E5C2-4DA1-9FD0-CA2DAD4535F6}"
EndProject
Global
	GlobalSection(SolutionConfigurationPlatforms) = preSolution
		Ad-Hoc|Any CPU = Ad-Hoc|Any CPU
		Ad-Hoc|ARM = Ad-Hoc|ARM
		Ad-Hoc|iPhone = Ad-Hoc|iPhone
		Ad-Hoc|iPhoneSimulator = Ad-Hoc|iPhoneSimulator
		Ad-Hoc|x64 = Ad-Hoc|x64
		Ad-Hoc|x86 = Ad-Hoc|x86
		AppStore|Any CPU = AppStore|Any CPU
		AppStore|ARM = AppStore|ARM
		AppStore|iPhone = AppStore|iPhone
		AppStore|iPhoneSimulator = AppStore|iPhoneSimulator
		AppStore|x64 = AppStore|x64
		AppStore|x86 = AppStore|x86
		Debug|Any CPU = Debug|Any CPU
		Debug|ARM = Debug|ARM
		Debug|iPhone = Debug|iPhone
		Debug|iPhoneSimulator = Debug|iPhoneSimulator
		Debug|x64 = Debug|x64
		Debug|x86 = Debug|x86
		Release|Any CPU = Release|Any CPU
		Release|ARM = Release|ARM
		Release|iPhone = Release|iPhone
		Release|iPhoneSimulator = Release|iPhoneSimulator
		Release|x64 = Release|x64
		Release|x86 = Release|x86
	EndGlobalSection
	GlobalSection(ProjectConfigurationPlatforms) = postSolution
		{A612874F-6D99-4B5D-96A4-4378FF4D28CF}.Ad-Hoc|Any CPU.ActiveCfg = Release|Any CPU
		{A612874F-6D99-4B5D-96A4-4378FF4D28CF}.Ad-Hoc|Any CPU.Build.0 = Release|Any CPU
		{A612874F-6D99-4B5D-96A4-4378FF4D28CF}.Ad-Hoc|Any CPU.Deploy.0 = Release|Any CPU
		{A612874F-6D99-4B5D-96A4-4378FF4D28CF}.Ad-Hoc|ARM.ActiveCfg = Release|Any CPU
		{A612874F-6D99-4B5D-96A4-4378FF4D28CF}.Ad-Hoc|ARM.Build.0 = Release|Any CPU
		{A612874F-6D99-4B5D-96A4-4378FF4D28CF}.Ad-Hoc|ARM.Deploy.0 = Release|Any CPU
		{A612874F-6D99-4B5D-96A4-4378FF4D28CF}.Ad-Hoc|iPhone.ActiveCfg = Release|Any CPU
		{A612874F-6D99-4B5D-96A4-4378FF4D28CF}.Ad-Hoc|iPhone.Build.0 = Release|Any CPU
		{A612874F-6D99-4B5D-96A4-4378FF4D28CF}.Ad-Hoc|iPhone.Deploy.0 = Release|Any CPU
		{A612874F-6D99-4B5D-96A4-4378FF4D28CF}.Ad-Hoc|iPhoneSimulator.ActiveCfg = Release|Any CPU
		{A612874F-6D99-4B5D-96A4-4378FF4D28CF}.Ad-Hoc|iPhoneSimulator.Build.0 = Release|Any CPU
		{A612874F-6D99-4B5D-96A4-4378FF4D28CF}.Ad-Hoc|iPhoneSimulator.Deploy.0 = Release|Any CPU
		{A612874F-6D99-4B5D-96A4-4378FF4D28CF}.Ad-Hoc|x64.ActiveCfg = Release|Any CPU
		{A612874F-6D99-4B5D-96A4-4378FF4D28CF}.Ad-Hoc|x64.Build.0 = Release|Any CPU
		{A612874F-6D99-4B5D-96A4-4378FF4D28CF}.Ad-Hoc|x64.Deploy.0 = Release|Any CPU
		{A612874F-6D99-4B5D-96A4-4378FF4D28CF}.Ad-Hoc|x86.ActiveCfg = Release|Any CPU
		{A612874F-6D99-4B5D-96A4-4378FF4D28CF}.Ad-Hoc|x86.Build.0 = Release|Any CPU
		{A612874F-6D99-4B5D-96A4-4378FF4D28CF}.Ad-Hoc|x86.Deploy.0 = Release|Any CPU
		{A612874F-6D99-4B5D-96A4-4378FF4D28CF}.AppStore|Any CPU.ActiveCfg = Release|Any CPU
		{A612874F-6D99-4B5D-96A4-4378FF4D28CF}.AppStore|Any CPU.Build.0 = Release|Any CPU
		{A612874F-6D99-4B5D-96A4-4378FF4D28CF}.AppStore|Any CPU.Deploy.0 = Release|Any CPU
		{A612874F-6D99-4B5D-96A4-4378FF4D28CF}.AppStore|ARM.ActiveCfg = Release|Any CPU
		{A612874F-6D99-4B5D-96A4-4378FF4D28CF}.AppStore|ARM.Build.0 = Release|Any CPU
		{A612874F-6D99-4B5D-96A4-4378FF4D28CF}.AppStore|ARM.Deploy.0 = Release|Any CPU
		{A612874F-6D99-4B5D-96A4-4378FF4D28CF}.AppStore|iPhone.ActiveCfg = Release|Any CPU
		{A612874F-6D99-4B5D-96A4-4378FF4D28CF}.AppStore|iPhone.Build.0 = Release|Any CPU
		{A612874F-6D99-4B5D-96A4-4378FF4D28CF}.AppStore|iPhone.Deploy.0 = Release|Any CPU
		{A612874F-6D99-4B5D-96A4-4378FF4D28CF}.AppStore|iPhoneSimulator.ActiveCfg = Release|Any CPU
		{A612874F-6D99-4B5D-96A4-4378FF4D28CF}.AppStore|iPhoneSimulator.Build.0 = Release|Any CPU
		{A612874F-6D99-4B5D-96A4-4378FF4D28CF}.AppStore|iPhoneSimulator.Deploy.0 = Release|Any CPU
		{A612874F-6D99-4B5D-96A4-4378FF4D28CF}.AppStore|x64.ActiveCfg = Release|Any CPU
		{A612874F-6D99-4B5D-96A4-4378FF4D28CF}.AppStore|x64.Build.0 = Release|Any CPU
		{A612874F-6D99-4B5D-96A4-4378FF4D28CF}.AppStore|x64.Deploy.0 = Release|Any CPU
		{A612874F-6D99-4B5D-96A4-4378FF4D28CF}.AppStore|x86.ActiveCfg = Release|Any CPU
		{A612874F-6D99-4B5D-96A4-4378FF4D28CF}.AppStore|x86.Build.0 = Release|Any CPU
		{A612874F-6D99-4B5D-96A4-4378FF4D28CF}.AppStore|x86.Deploy.0 = Release|Any CPU
		{A612874F-6D99-4B5D-96A4-4378FF4D28CF}.Debug|Any CPU.ActiveCfg = Debug|Any CPU
		{A612874F-6D99-4B5D-96A4-4378FF4D28CF}.Debug|Any CPU.Build.0 = Debug|Any CPU
		{A612874F-6D99-4B5D-96A4-4378FF4D28CF}.Debug|Any CPU.Deploy.0 = Debug|Any CPU
		{A612874F-6D99-4B5D-96A4-4378FF4D28CF}.Debug|ARM.ActiveCfg = Debug|Any CPU
		{A612874F-6D99-4B5D-96A4-4378FF4D28CF}.Debug|ARM.Build.0 = Debug|Any CPU
		{A612874F-6D99-4B5D-96A4-4378FF4D28CF}.Debug|ARM.Deploy.0 = Debug|Any CPU
		{A612874F-6D99-4B5D-96A4-4378FF4D28CF}.Debug|iPhone.ActiveCfg = Debug|Any CPU
		{A612874F-6D99-4B5D-96A4-4378FF4D28CF}.Debug|iPhone.Build.0 = Debug|Any CPU
		{A612874F-6D99-4B5D-96A4-4378FF4D28CF}.Debug|iPhone.Deploy.0 = Debug|Any CPU
		{A612874F-6D99-4B5D-96A4-4378FF4D28CF}.Debug|iPhoneSimulator.ActiveCfg = Debug|Any CPU
		{A612874F-6D99-4B5D-96A4-4378FF4D28CF}.Debug|iPhoneSimulator.Build.0 = Debug|Any CPU
		{A612874F-6D99-4B5D-96A4-4378FF4D28CF}.Debug|iPhoneSimulator.Deploy.0 = Debug|Any CPU
		{A612874F-6D99-4B5D-96A4-4378FF4D28CF}.Debug|x64.ActiveCfg = Debug|Any CPU
		{A612874F-6D99-4B5D-96A4-4378FF4D28CF}.Debug|x64.Build.0 = Debug|Any CPU
		{A612874F-6D99-4B5D-96A4-4378FF4D28CF}.Debug|x64.Deploy.0 = Debug|Any CPU
		{A612874F-6D99-4B5D-96A4-4378FF4D28CF}.Debug|x86.ActiveCfg = Debug|Any CPU
		{A612874F-6D99-4B5D-96A4-4378FF4D28CF}.Debug|x86.Build.0 = Debug|Any CPU
		{A612874F-6D99-4B5D-96A4-4378FF4D28CF}.Debug|x86.Deploy.0 = Debug|Any CPU
		{A612874F-6D99-4B5D-96A4-4378FF4D28CF}.Release|Any CPU.ActiveCfg = Release|Any CPU
		{A612874F-6D99-4B5D-96A4-4378FF4D28CF}.Release|Any CPU.Build.0 = Release|Any CPU
		{A612874F-6D99-4B5D-96A4-4378FF4D28CF}.Release|Any CPU.Deploy.0 = Release|Any CPU
		{A612874F-6D99-4B5D-96A4-4378FF4D28CF}.Release|ARM.ActiveCfg = Release|Any CPU
		{A612874F-6D99-4B5D-96A4-4378FF4D28CF}.Release|ARM.Build.0 = Release|Any CPU
		{A612874F-6D99-4B5D-96A4-4378FF4D28CF}.Release|ARM.Deploy.0 = Release|Any CPU
		{A612874F-6D99-4B5D-96A4-4378FF4D28CF}.Release|iPhone.ActiveCfg = Release|Any CPU
		{A612874F-6D99-4B5D-96A4-4378FF4D28CF}.Release|iPhone.Build.0 = Release|Any CPU
		{A612874F-6D99-4B5D-96A4-4378FF4D28CF}.Release|iPhone.Deploy.0 = Release|Any CPU
		{A612874F-6D99-4B5D-96A4-4378FF4D28CF}.Release|iPhoneSimulator.ActiveCfg = Release|Any CPU
		{A612874F-6D99-4B5D-96A4-4378FF4D28CF}.Release|iPhoneSimulator.Build.0 = Release|Any CPU
		{A612874F-6D99-4B5D-96A4-4378FF4D28CF}.Release|iPhoneSimulator.Deploy.0 = Release|Any CPU
		{A612874F-6D99-4B5D-96A4-4378FF4D28CF}.Release|x64.ActiveCfg = Release|Any CPU
		{A612874F-6D99-4B5D-96A4-4378FF4D28CF}.Release|x64.Build.0 = Release|Any CPU
		{A612874F-6D99-4B5D-96A4-4378FF4D28CF}.Release|x64.Deploy.0 = Release|Any CPU
		{A612874F-6D99-4B5D-96A4-4378FF4D28CF}.Release|x86.ActiveCfg = Release|Any CPU
		{A612874F-6D99-4B5D-96A4-4378FF4D28CF}.Release|x86.Build.0 = Release|Any CPU
		{A612874F-6D99-4B5D-96A4-4378FF4D28CF}.Release|x86.Deploy.0 = Release|Any CPU
		{9AF5DE3A-B26A-4F4D-9E1F-01CE9CFA1A43}.Ad-Hoc|Any CPU.ActiveCfg = Ad-Hoc|iPhone
		{9AF5DE3A-B26A-4F4D-9E1F-01CE9CFA1A43}.Ad-Hoc|ARM.ActiveCfg = Ad-Hoc|iPhone
		{9AF5DE3A-B26A-4F4D-9E1F-01CE9CFA1A43}.Ad-Hoc|iPhone.ActiveCfg = Ad-Hoc|iPhone
		{9AF5DE3A-B26A-4F4D-9E1F-01CE9CFA1A43}.Ad-Hoc|iPhone.Build.0 = Ad-Hoc|iPhone
		{9AF5DE3A-B26A-4F4D-9E1F-01CE9CFA1A43}.Ad-Hoc|iPhoneSimulator.ActiveCfg = Ad-Hoc|iPhoneSimulator
		{9AF5DE3A-B26A-4F4D-9E1F-01CE9CFA1A43}.Ad-Hoc|iPhoneSimulator.Build.0 = Ad-Hoc|iPhoneSimulator
		{9AF5DE3A-B26A-4F4D-9E1F-01CE9CFA1A43}.Ad-Hoc|x64.ActiveCfg = Ad-Hoc|iPhone
		{9AF5DE3A-B26A-4F4D-9E1F-01CE9CFA1A43}.Ad-Hoc|x86.ActiveCfg = Ad-Hoc|iPhone
		{9AF5DE3A-B26A-4F4D-9E1F-01CE9CFA1A43}.AppStore|Any CPU.ActiveCfg = AppStore|iPhone
		{9AF5DE3A-B26A-4F4D-9E1F-01CE9CFA1A43}.AppStore|ARM.ActiveCfg = AppStore|iPhone
		{9AF5DE3A-B26A-4F4D-9E1F-01CE9CFA1A43}.AppStore|iPhone.ActiveCfg = AppStore|iPhone
		{9AF5DE3A-B26A-4F4D-9E1F-01CE9CFA1A43}.AppStore|iPhone.Build.0 = AppStore|iPhone
		{9AF5DE3A-B26A-4F4D-9E1F-01CE9CFA1A43}.AppStore|iPhoneSimulator.ActiveCfg = AppStore|iPhoneSimulator
		{9AF5DE3A-B26A-4F4D-9E1F-01CE9CFA1A43}.AppStore|iPhoneSimulator.Build.0 = AppStore|iPhoneSimulator
		{9AF5DE3A-B26A-4F4D-9E1F-01CE9CFA1A43}.AppStore|x64.ActiveCfg = AppStore|iPhone
		{9AF5DE3A-B26A-4F4D-9E1F-01CE9CFA1A43}.AppStore|x86.ActiveCfg = AppStore|iPhone
		{9AF5DE3A-B26A-4F4D-9E1F-01CE9CFA1A43}.Debug|Any CPU.ActiveCfg = Debug|iPhone
		{9AF5DE3A-B26A-4F4D-9E1F-01CE9CFA1A43}.Debug|ARM.ActiveCfg = Debug|iPhone
		{9AF5DE3A-B26A-4F4D-9E1F-01CE9CFA1A43}.Debug|iPhone.ActiveCfg = Debug|iPhone
		{9AF5DE3A-B26A-4F4D-9E1F-01CE9CFA1A43}.Debug|iPhone.Build.0 = Debug|iPhone
		{9AF5DE3A-B26A-4F4D-9E1F-01CE9CFA1A43}.Debug|iPhoneSimulator.ActiveCfg = Debug|iPhoneSimulator
		{9AF5DE3A-B26A-4F4D-9E1F-01CE9CFA1A43}.Debug|iPhoneSimulator.Build.0 = Debug|iPhoneSimulator
		{9AF5DE3A-B26A-4F4D-9E1F-01CE9CFA1A43}.Debug|x64.ActiveCfg = Debug|iPhone
		{9AF5DE3A-B26A-4F4D-9E1F-01CE9CFA1A43}.Debug|x86.ActiveCfg = Debug|iPhone
		{9AF5DE3A-B26A-4F4D-9E1F-01CE9CFA1A43}.Release|Any CPU.ActiveCfg = Release|iPhone
		{9AF5DE3A-B26A-4F4D-9E1F-01CE9CFA1A43}.Release|ARM.ActiveCfg = Release|iPhone
		{9AF5DE3A-B26A-4F4D-9E1F-01CE9CFA1A43}.Release|iPhone.ActiveCfg = Release|iPhone
		{9AF5DE3A-B26A-4F4D-9E1F-01CE9CFA1A43}.Release|iPhone.Build.0 = Release|iPhone
		{9AF5DE3A-B26A-4F4D-9E1F-01CE9CFA1A43}.Release|iPhoneSimulator.ActiveCfg = Release|iPhoneSimulator
		{9AF5DE3A-B26A-4F4D-9E1F-01CE9CFA1A43}.Release|iPhoneSimulator.Build.0 = Release|iPhoneSimulator
		{9AF5DE3A-B26A-4F4D-9E1F-01CE9CFA1A43}.Release|x64.ActiveCfg = Release|iPhone
		{9AF5DE3A-B26A-4F4D-9E1F-01CE9CFA1A43}.Release|x86.ActiveCfg = Release|iPhone
		{B30F76FB-4BB1-435D-8074-6DEC9DDF4F1E}.Ad-Hoc|Any CPU.ActiveCfg = Release|x86
		{B30F76FB-4BB1-435D-8074-6DEC9DDF4F1E}.Ad-Hoc|Any CPU.Build.0 = Release|x86
		{B30F76FB-4BB1-435D-8074-6DEC9DDF4F1E}.Ad-Hoc|Any CPU.Deploy.0 = Release|x86
		{B30F76FB-4BB1-435D-8074-6DEC9DDF4F1E}.Ad-Hoc|ARM.ActiveCfg = Release|ARM
		{B30F76FB-4BB1-435D-8074-6DEC9DDF4F1E}.Ad-Hoc|ARM.Build.0 = Release|ARM
		{B30F76FB-4BB1-435D-8074-6DEC9DDF4F1E}.Ad-Hoc|ARM.Deploy.0 = Release|ARM
		{B30F76FB-4BB1-435D-8074-6DEC9DDF4F1E}.Ad-Hoc|iPhone.ActiveCfg = Release|x86
		{B30F76FB-4BB1-435D-8074-6DEC9DDF4F1E}.Ad-Hoc|iPhone.Build.0 = Release|x86
		{B30F76FB-4BB1-435D-8074-6DEC9DDF4F1E}.Ad-Hoc|iPhone.Deploy.0 = Release|x86
		{B30F76FB-4BB1-435D-8074-6DEC9DDF4F1E}.Ad-Hoc|iPhoneSimulator.ActiveCfg = Release|x86
		{B30F76FB-4BB1-435D-8074-6DEC9DDF4F1E}.Ad-Hoc|iPhoneSimulator.Build.0 = Release|x86
		{B30F76FB-4BB1-435D-8074-6DEC9DDF4F1E}.Ad-Hoc|iPhoneSimulator.Deploy.0 = Release|x86
		{B30F76FB-4BB1-435D-8074-6DEC9DDF4F1E}.Ad-Hoc|x64.ActiveCfg = Release|x64
		{B30F76FB-4BB1-435D-8074-6DEC9DDF4F1E}.Ad-Hoc|x64.Build.0 = Release|x64
		{B30F76FB-4BB1-435D-8074-6DEC9DDF4F1E}.Ad-Hoc|x64.Deploy.0 = Release|x64
		{B30F76FB-4BB1-435D-8074-6DEC9DDF4F1E}.Ad-Hoc|x86.ActiveCfg = Release|x86
		{B30F76FB-4BB1-435D-8074-6DEC9DDF4F1E}.Ad-Hoc|x86.Build.0 = Release|x86
		{B30F76FB-4BB1-435D-8074-6DEC9DDF4F1E}.Ad-Hoc|x86.Deploy.0 = Release|x86
		{B30F76FB-4BB1-435D-8074-6DEC9DDF4F1E}.AppStore|Any CPU.ActiveCfg = Release|x86
		{B30F76FB-4BB1-435D-8074-6DEC9DDF4F1E}.AppStore|Any CPU.Build.0 = Release|x86
		{B30F76FB-4BB1-435D-8074-6DEC9DDF4F1E}.AppStore|Any CPU.Deploy.0 = Release|x86
		{B30F76FB-4BB1-435D-8074-6DEC9DDF4F1E}.AppStore|ARM.ActiveCfg = Release|ARM
		{B30F76FB-4BB1-435D-8074-6DEC9DDF4F1E}.AppStore|ARM.Build.0 = Release|ARM
		{B30F76FB-4BB1-435D-8074-6DEC9DDF4F1E}.AppStore|ARM.Deploy.0 = Release|ARM
		{B30F76FB-4BB1-435D-8074-6DEC9DDF4F1E}.AppStore|iPhone.ActiveCfg = Release|x86
		{B30F76FB-4BB1-435D-8074-6DEC9DDF4F1E}.AppStore|iPhone.Build.0 = Release|x86
		{B30F76FB-4BB1-435D-8074-6DEC9DDF4F1E}.AppStore|iPhone.Deploy.0 = Release|x86
		{B30F76FB-4BB1-435D-8074-6DEC9DDF4F1E}.AppStore|iPhoneSimulator.ActiveCfg = Release|x86
		{B30F76FB-4BB1-435D-8074-6DEC9DDF4F1E}.AppStore|iPhoneSimulator.Build.0 = Release|x86
		{B30F76FB-4BB1-435D-8074-6DEC9DDF4F1E}.AppStore|iPhoneSimulator.Deploy.0 = Release|x86
		{B30F76FB-4BB1-435D-8074-6DEC9DDF4F1E}.AppStore|x64.ActiveCfg = Release|x64
		{B30F76FB-4BB1-435D-8074-6DEC9DDF4F1E}.AppStore|x64.Build.0 = Release|x64
		{B30F76FB-4BB1-435D-8074-6DEC9DDF4F1E}.AppStore|x64.Deploy.0 = Release|x64
		{B30F76FB-4BB1-435D-8074-6DEC9DDF4F1E}.AppStore|x86.ActiveCfg = Release|x86
		{B30F76FB-4BB1-435D-8074-6DEC9DDF4F1E}.AppStore|x86.Build.0 = Release|x86
		{B30F76FB-4BB1-435D-8074-6DEC9DDF4F1E}.AppStore|x86.Deploy.0 = Release|x86
		{B30F76FB-4BB1-435D-8074-6DEC9DDF4F1E}.Debug|Any CPU.ActiveCfg = Debug|x86
		{B30F76FB-4BB1-435D-8074-6DEC9DDF4F1E}.Debug|ARM.ActiveCfg = Debug|ARM
		{B30F76FB-4BB1-435D-8074-6DEC9DDF4F1E}.Debug|ARM.Build.0 = Debug|ARM
		{B30F76FB-4BB1-435D-8074-6DEC9DDF4F1E}.Debug|ARM.Deploy.0 = Debug|ARM
		{B30F76FB-4BB1-435D-8074-6DEC9DDF4F1E}.Debug|iPhone.ActiveCfg = Debug|x86
		{B30F76FB-4BB1-435D-8074-6DEC9DDF4F1E}.Debug|iPhoneSimulator.ActiveCfg = Debug|x86
		{B30F76FB-4BB1-435D-8074-6DEC9DDF4F1E}.Debug|x64.ActiveCfg = Debug|x64
		{B30F76FB-4BB1-435D-8074-6DEC9DDF4F1E}.Debug|x64.Build.0 = Debug|x64
		{B30F76FB-4BB1-435D-8074-6DEC9DDF4F1E}.Debug|x64.Deploy.0 = Debug|x64
		{B30F76FB-4BB1-435D-8074-6DEC9DDF4F1E}.Debug|x86.ActiveCfg = Debug|x86
		{B30F76FB-4BB1-435D-8074-6DEC9DDF4F1E}.Debug|x86.Build.0 = Debug|x86
		{B30F76FB-4BB1-435D-8074-6DEC9DDF4F1E}.Debug|x86.Deploy.0 = Debug|x86
		{B30F76FB-4BB1-435D-8074-6DEC9DDF4F1E}.Release|Any CPU.ActiveCfg = Release|x86
		{B30F76FB-4BB1-435D-8074-6DEC9DDF4F1E}.Release|ARM.ActiveCfg = Release|ARM
		{B30F76FB-4BB1-435D-8074-6DEC9DDF4F1E}.Release|ARM.Build.0 = Release|ARM
		{B30F76FB-4BB1-435D-8074-6DEC9DDF4F1E}.Release|ARM.Deploy.0 = Release|ARM
		{B30F76FB-4BB1-435D-8074-6DEC9DDF4F1E}.Release|iPhone.ActiveCfg = Release|x86
		{B30F76FB-4BB1-435D-8074-6DEC9DDF4F1E}.Release|iPhoneSimulator.ActiveCfg = Release|x86
		{B30F76FB-4BB1-435D-8074-6DEC9DDF4F1E}.Release|x64.ActiveCfg = Release|x64
		{B30F76FB-4BB1-435D-8074-6DEC9DDF4F1E}.Release|x64.Build.0 = Release|x64
		{B30F76FB-4BB1-435D-8074-6DEC9DDF4F1E}.Release|x64.Deploy.0 = Release|x64
		{B30F76FB-4BB1-435D-8074-6DEC9DDF4F1E}.Release|x86.ActiveCfg = Release|x86
		{B30F76FB-4BB1-435D-8074-6DEC9DDF4F1E}.Release|x86.Build.0 = Release|x86
		{B30F76FB-4BB1-435D-8074-6DEC9DDF4F1E}.Release|x86.Deploy.0 = Release|x86
		{3E5B2F45-E5C2-4DA1-9FD0-CA2DAD4535F6}.Ad-Hoc|Any CPU.ActiveCfg = Debug|Any CPU
		{3E5B2F45-E5C2-4DA1-9FD0-CA2DAD4535F6}.Ad-Hoc|Any CPU.Build.0 = Debug|Any CPU
		{3E5B2F45-E5C2-4DA1-9FD0-CA2DAD4535F6}.Ad-Hoc|ARM.ActiveCfg = Debug|Any CPU
		{3E5B2F45-E5C2-4DA1-9FD0-CA2DAD4535F6}.Ad-Hoc|ARM.Build.0 = Debug|Any CPU
		{3E5B2F45-E5C2-4DA1-9FD0-CA2DAD4535F6}.Ad-Hoc|iPhone.ActiveCfg = Debug|Any CPU
		{3E5B2F45-E5C2-4DA1-9FD0-CA2DAD4535F6}.Ad-Hoc|iPhone.Build.0 = Debug|Any CPU
		{3E5B2F45-E5C2-4DA1-9FD0-CA2DAD4535F6}.Ad-Hoc|iPhoneSimulator.ActiveCfg = Debug|Any CPU
		{3E5B2F45-E5C2-4DA1-9FD0-CA2DAD4535F6}.Ad-Hoc|iPhoneSimulator.Build.0 = Debug|Any CPU
		{3E5B2F45-E5C2-4DA1-9FD0-CA2DAD4535F6}.Ad-Hoc|x64.ActiveCfg = Debug|Any CPU
		{3E5B2F45-E5C2-4DA1-9FD0-CA2DAD4535F6}.Ad-Hoc|x64.Build.0 = Debug|Any CPU
		{3E5B2F45-E5C2-4DA1-9FD0-CA2DAD4535F6}.Ad-Hoc|x86.ActiveCfg = Debug|Any CPU
		{3E5B2F45-E5C2-4DA1-9FD0-CA2DAD4535F6}.Ad-Hoc|x86.Build.0 = Debug|Any CPU
		{3E5B2F45-E5C2-4DA1-9FD0-CA2DAD4535F6}.AppStore|Any CPU.ActiveCfg = Debug|Any CPU
		{3E5B2F45-E5C2-4DA1-9FD0-CA2DAD4535F6}.AppStore|Any CPU.Build.0 = Debug|Any CPU
		{3E5B2F45-E5C2-4DA1-9FD0-CA2DAD4535F6}.AppStore|ARM.ActiveCfg = Debug|Any CPU
		{3E5B2F45-E5C2-4DA1-9FD0-CA2DAD4535F6}.AppStore|ARM.Build.0 = Debug|Any CPU
		{3E5B2F45-E5C2-4DA1-9FD0-CA2DAD4535F6}.AppStore|iPhone.ActiveCfg = Debug|Any CPU
		{3E5B2F45-E5C2-4DA1-9FD0-CA2DAD4535F6}.AppStore|iPhone.Build.0 = Debug|Any CPU
		{3E5B2F45-E5C2-4DA1-9FD0-CA2DAD4535F6}.AppStore|iPhoneSimulator.ActiveCfg = Debug|Any CPU
		{3E5B2F45-E5C2-4DA1-9FD0-CA2DAD4535F6}.AppStore|iPhoneSimulator.Build.0 = Debug|Any CPU
		{3E5B2F45-E5C2-4DA1-9FD0-CA2DAD4535F6}.AppStore|x64.ActiveCfg = Debug|Any CPU
		{3E5B2F45-E5C2-4DA1-9FD0-CA2DAD4535F6}.AppStore|x64.Build.0 = Debug|Any CPU
		{3E5B2F45-E5C2-4DA1-9FD0-CA2DAD4535F6}.AppStore|x86.ActiveCfg = Debug|Any CPU
		{3E5B2F45-E5C2-4DA1-9FD0-CA2DAD4535F6}.AppStore|x86.Build.0 = Debug|Any CPU
		{3E5B2F45-E5C2-4DA1-9FD0-CA2DAD4535F6}.Debug|Any CPU.ActiveCfg = Debug|Any CPU
		{3E5B2F45-E5C2-4DA1-9FD0-CA2DAD4535F6}.Debug|Any CPU.Build.0 = Debug|Any CPU
		{3E5B2F45-E5C2-4DA1-9FD0-CA2DAD4535F6}.Debug|ARM.ActiveCfg = Debug|Any CPU
		{3E5B2F45-E5C2-4DA1-9FD0-CA2DAD4535F6}.Debug|ARM.Build.0 = Debug|Any CPU
		{3E5B2F45-E5C2-4DA1-9FD0-CA2DAD4535F6}.Debug|iPhone.ActiveCfg = Debug|Any CPU
		{3E5B2F45-E5C2-4DA1-9FD0-CA2DAD4535F6}.Debug|iPhone.Build.0 = Debug|Any CPU
		{3E5B2F45-E5C2-4DA1-9FD0-CA2DAD4535F6}.Debug|iPhoneSimulator.ActiveCfg = Debug|Any CPU
		{3E5B2F45-E5C2-4DA1-9FD0-CA2DAD4535F6}.Debug|iPhoneSimulator.Build.0 = Debug|Any CPU
		{3E5B2F45-E5C2-4DA1-9FD0-CA2DAD4535F6}.Debug|x64.ActiveCfg = Debug|Any CPU
		{3E5B2F45-E5C2-4DA1-9FD0-CA2DAD4535F6}.Debug|x64.Build.0 = Debug|Any CPU
		{3E5B2F45-E5C2-4DA1-9FD0-CA2DAD4535F6}.Debug|x86.ActiveCfg = Debug|Any CPU
		{3E5B2F45-E5C2-4DA1-9FD0-CA2DAD4535F6}.Debug|x86.Build.0 = Debug|Any CPU
		{3E5B2F45-E5C2-4DA1-9FD0-CA2DAD4535F6}.Release|Any CPU.ActiveCfg = Release|Any CPU
		{3E5B2F45-E5C2-4DA1-9FD0-CA2DAD4535F6}.Release|Any CPU.Build.0 = Release|Any CPU
		{3E5B2F45-E5C2-4DA1-9FD0-CA2DAD4535F6}.Release|ARM.ActiveCfg = Release|Any CPU
		{3E5B2F45-E5C2-4DA1-9FD0-CA2DAD4535F6}.Release|ARM.Build.0 = Release|Any CPU
		{3E5B2F45-E5C2-4DA1-9FD0-CA2DAD4535F6}.Release|iPhone.ActiveCfg = Release|Any CPU
		{3E5B2F45-E5C2-4DA1-9FD0-CA2DAD4535F6}.Release|iPhone.Build.0 = Release|Any CPU
		{3E5B2F45-E5C2-4DA1-9FD0-CA2DAD4535F6}.Release|iPhoneSimulator.ActiveCfg = Release|Any CPU
		{3E5B2F45-E5C2-4DA1-9FD0-CA2DAD4535F6}.Release|iPhoneSimulator.Build.0 = Release|Any CPU
		{3E5B2F45-E5C2-4DA1-9FD0-CA2DAD4535F6}.Release|x64.ActiveCfg = Release|Any CPU
		{3E5B2F45-E5C2-4DA1-9FD0-CA2DAD4535F6}.Release|x64.Build.0 = Release|Any CPU
		{3E5B2F45-E5C2-4DA1-9FD0-CA2DAD4535F6}.Release|x86.ActiveCfg = Release|Any CPU
		{3E5B2F45-E5C2-4DA1-9FD0-CA2DAD4535F6}.Release|x86.Build.0 = Release|Any CPU
	EndGlobalSection
	GlobalSection(SolutionProperties) = preSolution
		HideSolutionNode = FALSE
	EndGlobalSection
	GlobalSection(ExtensibilityGlobals) = postSolution
		SolutionGuid = {C44DF122-2290-4049-B03E-1F13D3664529}
	EndGlobalSection
EndGlobal
